// !$*UTF8*$!
{
	archiveVersion = 1;
	classes = {
	};
	objectVersion = 55;
	objects = {

/* Begin PBXBuildFile section */
		ACF881C52923A75A00C922A8 /* AppDelegate.swift in Sources */ = {isa = PBXBuildFile; fileRef = ACF881C42923A75A00C922A8 /* AppDelegate.swift */; };
		ACF881C72923A75A00C922A8 /* SceneDelegate.swift in Sources */ = {isa = PBXBuildFile; fileRef = ACF881C62923A75A00C922A8 /* SceneDelegate.swift */; };
		ACF881CE2923A75E00C922A8 /* Assets.xcassets in Resources */ = {isa = PBXBuildFile; fileRef = ACF881CD2923A75E00C922A8 /* Assets.xcassets */; };
		ACF881D12923A75E00C922A8 /* LaunchScreen.storyboard in Resources */ = {isa = PBXBuildFile; fileRef = ACF881CF2923A75E00C922A8 /* LaunchScreen.storyboard */; };
		ACF881DC2923A75E00C922A8 /* MiniSocialTests.swift in Sources */ = {isa = PBXBuildFile; fileRef = ACF881DB2923A75E00C922A8 /* MiniSocialTests.swift */; };
		ACF881FE2923AB5900C922A8 /* AuthenticationViewController.swift in Sources */ = {isa = PBXBuildFile; fileRef = ACF881FC2923AB5900C922A8 /* AuthenticationViewController.swift */; };
		ACF881FF2923AB5900C922A8 /* AuthenticationViewController.xib in Resources */ = {isa = PBXBuildFile; fileRef = ACF881FD2923AB5900C922A8 /* AuthenticationViewController.xib */; };
		ACF882022923AE3800C922A8 /* GoogleService-Info.plist in Resources */ = {isa = PBXBuildFile; fileRef = ACF882012923AE3800C922A8 /* GoogleService-Info.plist */; };
		ACF882052923AF0400C922A8 /* FirebaseAnalytics in Frameworks */ = {isa = PBXBuildFile; productRef = ACF882042923AF0400C922A8 /* FirebaseAnalytics */; };
		ACF882072923AF0400C922A8 /* FirebaseAuth in Frameworks */ = {isa = PBXBuildFile; productRef = ACF882062923AF0400C922A8 /* FirebaseAuth */; };
		ACF8820A2923B0FC00C922A8 /* Utils.swift in Sources */ = {isa = PBXBuildFile; fileRef = ACF882092923B0FC00C922A8 /* Utils.swift */; };
		ACF8820C2923B13500C922A8 /* UIViewController+Ext.swift in Sources */ = {isa = PBXBuildFile; fileRef = ACF8820B2923B13500C922A8 /* UIViewController+Ext.swift */; };
		ACF8820E2923B22800C922A8 /* LoadingViewController.swift in Sources */ = {isa = PBXBuildFile; fileRef = ACF8820D2923B22800C922A8 /* LoadingViewController.swift */; };
		ACF882112923B62E00C922A8 /* AuthenticationService.swift in Sources */ = {isa = PBXBuildFile; fileRef = ACF882102923B62E00C922A8 /* AuthenticationService.swift */; };
		ACF88216292A698000C922A8 /* TimelineViewController.swift in Sources */ = {isa = PBXBuildFile; fileRef = ACF88214292A698000C922A8 /* TimelineViewController.swift */; };
		ACF88217292A698000C922A8 /* TimelineViewController.xib in Resources */ = {isa = PBXBuildFile; fileRef = ACF88215292A698000C922A8 /* TimelineViewController.xib */; };
/* End PBXBuildFile section */

/* Begin PBXContainerItemProxy section */
		ACF881D82923A75E00C922A8 /* PBXContainerItemProxy */ = {
			isa = PBXContainerItemProxy;
			containerPortal = ACF881B92923A75A00C922A8 /* Project object */;
			proxyType = 1;
			remoteGlobalIDString = ACF881C02923A75A00C922A8;
			remoteInfo = MiniSocial;
		};
/* End PBXContainerItemProxy section */

/* Begin PBXFileReference section */
		ACF881C12923A75A00C922A8 /* MiniSocial.app */ = {isa = PBXFileReference; explicitFileType = wrapper.application; includeInIndex = 0; path = MiniSocial.app; sourceTree = BUILT_PRODUCTS_DIR; };
		ACF881C42923A75A00C922A8 /* AppDelegate.swift */ = {isa = PBXFileReference; lastKnownFileType = sourcecode.swift; path = AppDelegate.swift; sourceTree = "<group>"; };
		ACF881C62923A75A00C922A8 /* SceneDelegate.swift */ = {isa = PBXFileReference; lastKnownFileType = sourcecode.swift; path = SceneDelegate.swift; sourceTree = "<group>"; };
		ACF881CD2923A75E00C922A8 /* Assets.xcassets */ = {isa = PBXFileReference; lastKnownFileType = folder.assetcatalog; path = Assets.xcassets; sourceTree = "<group>"; };
		ACF881D02923A75E00C922A8 /* Base */ = {isa = PBXFileReference; lastKnownFileType = file.storyboard; name = Base; path = Base.lproj/LaunchScreen.storyboard; sourceTree = "<group>"; };
		ACF881D22923A75E00C922A8 /* Info.plist */ = {isa = PBXFileReference; lastKnownFileType = text.plist.xml; path = Info.plist; sourceTree = "<group>"; };
		ACF881D72923A75E00C922A8 /* MiniSocialTests.xctest */ = {isa = PBXFileReference; explicitFileType = wrapper.cfbundle; includeInIndex = 0; path = MiniSocialTests.xctest; sourceTree = BUILT_PRODUCTS_DIR; };
		ACF881DB2923A75E00C922A8 /* MiniSocialTests.swift */ = {isa = PBXFileReference; lastKnownFileType = sourcecode.swift; path = MiniSocialTests.swift; sourceTree = "<group>"; };
		ACF881FC2923AB5900C922A8 /* AuthenticationViewController.swift */ = {isa = PBXFileReference; lastKnownFileType = sourcecode.swift; path = AuthenticationViewController.swift; sourceTree = "<group>"; };
		ACF881FD2923AB5900C922A8 /* AuthenticationViewController.xib */ = {isa = PBXFileReference; lastKnownFileType = file.xib; path = AuthenticationViewController.xib; sourceTree = "<group>"; };
		ACF882012923AE3800C922A8 /* GoogleService-Info.plist */ = {isa = PBXFileReference; fileEncoding = 4; lastKnownFileType = text.plist.xml; path = "GoogleService-Info.plist"; sourceTree = "<group>"; };
		ACF882092923B0FC00C922A8 /* Utils.swift */ = {isa = PBXFileReference; lastKnownFileType = sourcecode.swift; path = Utils.swift; sourceTree = "<group>"; };
		ACF8820B2923B13500C922A8 /* UIViewController+Ext.swift */ = {isa = PBXFileReference; lastKnownFileType = sourcecode.swift; path = "UIViewController+Ext.swift"; sourceTree = "<group>"; };
		ACF8820D2923B22800C922A8 /* LoadingViewController.swift */ = {isa = PBXFileReference; lastKnownFileType = sourcecode.swift; path = LoadingViewController.swift; sourceTree = "<group>"; };
		ACF882102923B62E00C922A8 /* AuthenticationService.swift */ = {isa = PBXFileReference; lastKnownFileType = sourcecode.swift; path = AuthenticationService.swift; sourceTree = "<group>"; };
		ACF88214292A698000C922A8 /* TimelineViewController.swift */ = {isa = PBXFileReference; lastKnownFileType = sourcecode.swift; path = TimelineViewController.swift; sourceTree = "<group>"; };
		ACF88215292A698000C922A8 /* TimelineViewController.xib */ = {isa = PBXFileReference; lastKnownFileType = file.xib; path = TimelineViewController.xib; sourceTree = "<group>"; };
/* End PBXFileReference section */

/* Begin PBXFrameworksBuildPhase section */
		ACF881BE2923A75A00C922A8 /* Frameworks */ = {
			isa = PBXFrameworksBuildPhase;
			buildActionMask = 2147483647;
			files = (
				ACF882052923AF0400C922A8 /* FirebaseAnalytics in Frameworks */,
				ACF882072923AF0400C922A8 /* FirebaseAuth in Frameworks */,
			);
			runOnlyForDeploymentPostprocessing = 0;
		};
		ACF881D42923A75E00C922A8 /* Frameworks */ = {
			isa = PBXFrameworksBuildPhase;
			buildActionMask = 2147483647;
			files = (
			);
			runOnlyForDeploymentPostprocessing = 0;
		};
/* End PBXFrameworksBuildPhase section */

/* Begin PBXGroup section */
		ACF881B82923A75A00C922A8 = {
			isa = PBXGroup;
			children = (
				ACF881C32923A75A00C922A8 /* MiniSocial */,
				ACF881DA2923A75E00C922A8 /* MiniSocialTests */,
				ACF881C22923A75A00C922A8 /* Products */,
			);
			sourceTree = "<group>";
		};
		ACF881C22923A75A00C922A8 /* Products */ = {
			isa = PBXGroup;
			children = (
				ACF881C12923A75A00C922A8 /* MiniSocial.app */,
				ACF881D72923A75E00C922A8 /* MiniSocialTests.xctest */,
			);
			name = Products;
			sourceTree = "<group>";
		};
		ACF881C32923A75A00C922A8 /* MiniSocial */ = {
			isa = PBXGroup;
			children = (
				ACF882082923B0ED00C922A8 /* Utils */,
				ACF882002923AB6E00C922A8 /* Resource */,
				ACF8820F2923B62000C922A8 /* Service */,
				ACF882122923B66E00C922A8 /* Models */,
				ACF881F42923A7D400C922A8 /* View */,
				ACF881C42923A75A00C922A8 /* AppDelegate.swift */,
				ACF881C62923A75A00C922A8 /* SceneDelegate.swift */,
				ACF881CD2923A75E00C922A8 /* Assets.xcassets */,
				ACF881CF2923A75E00C922A8 /* LaunchScreen.storyboard */,
				ACF881D22923A75E00C922A8 /* Info.plist */,
				ACF882012923AE3800C922A8 /* GoogleService-Info.plist */,
			);
			path = MiniSocial;
			sourceTree = "<group>";
		};
		ACF881DA2923A75E00C922A8 /* MiniSocialTests */ = {
			isa = PBXGroup;
			children = (
				ACF881DB2923A75E00C922A8 /* MiniSocialTests.swift */,
			);
			path = MiniSocialTests;
			sourceTree = "<group>";
		};
		ACF881F42923A7D400C922A8 /* View */ = {
			isa = PBXGroup;
			children = (
				ACF88213292A696E00C922A8 /* Timeline */,
				ACF881FB2923AB2B00C922A8 /* Authentication */,
			);
			path = View;
			sourceTree = "<group>";
		};
		ACF881FB2923AB2B00C922A8 /* Authentication */ = {
			isa = PBXGroup;
			children = (
				ACF881FC2923AB5900C922A8 /* AuthenticationViewController.swift */,
				ACF881FD2923AB5900C922A8 /* AuthenticationViewController.xib */,
			);
			path = Authentication;
			sourceTree = "<group>";
		};
		ACF882002923AB6E00C922A8 /* Resource */ = {
			isa = PBXGroup;
			children = (
			);
			path = Resource;
			sourceTree = "<group>";
		};
		ACF882082923B0ED00C922A8 /* Utils */ = {
			isa = PBXGroup;
			children = (
				ACF882092923B0FC00C922A8 /* Utils.swift */,
				ACF8820B2923B13500C922A8 /* UIViewController+Ext.swift */,
				ACF8820D2923B22800C922A8 /* LoadingViewController.swift */,
			);
			path = Utils;
			sourceTree = "<group>";
		};
		ACF8820F2923B62000C922A8 /* Service */ = {
			isa = PBXGroup;
			children = (
				ACF882102923B62E00C922A8 /* AuthenticationService.swift */,
			);
			path = Service;
			sourceTree = "<group>";
		};
		ACF882122923B66E00C922A8 /* Models */ = {
			isa = PBXGroup;
			children = (
			);
			path = Models;
			sourceTree = "<group>";
		};
		ACF88213292A696E00C922A8 /* Timeline */ = {
			isa = PBXGroup;
			children = (
				ACF88214292A698000C922A8 /* TimelineViewController.swift */,
				ACF88215292A698000C922A8 /* TimelineViewController.xib */,
			);
			path = Timeline;
			sourceTree = "<group>";
		};
/* End PBXGroup section */

/* Begin PBXNativeTarget section */
		ACF881C02923A75A00C922A8 /* MiniSocial */ = {
			isa = PBXNativeTarget;
			buildConfigurationList = ACF881EB2923A75E00C922A8 /* Build configuration list for PBXNativeTarget "MiniSocial" */;
			buildPhases = (
				ACF881BD2923A75A00C922A8 /* Sources */,
				ACF881BE2923A75A00C922A8 /* Frameworks */,
				ACF881BF2923A75A00C922A8 /* Resources */,
			);
			buildRules = (
			);
			dependencies = (
			);
			name = MiniSocial;
			packageProductDependencies = (
				ACF882042923AF0400C922A8 /* FirebaseAnalytics */,
				ACF882062923AF0400C922A8 /* FirebaseAuth */,
			);
			productName = MiniSocial;
			productReference = ACF881C12923A75A00C922A8 /* MiniSocial.app */;
			productType = "com.apple.product-type.application";
		};
		ACF881D62923A75E00C922A8 /* MiniSocialTests */ = {
			isa = PBXNativeTarget;
			buildConfigurationList = ACF881EE2923A75E00C922A8 /* Build configuration list for PBXNativeTarget "MiniSocialTests" */;
			buildPhases = (
				ACF881D32923A75E00C922A8 /* Sources */,
				ACF881D42923A75E00C922A8 /* Frameworks */,
				ACF881D52923A75E00C922A8 /* Resources */,
			);
			buildRules = (
			);
			dependencies = (
				ACF881D92923A75E00C922A8 /* PBXTargetDependency */,
			);
			name = MiniSocialTests;
			productName = MiniSocialTests;
			productReference = ACF881D72923A75E00C922A8 /* MiniSocialTests.xctest */;
			productType = "com.apple.product-type.bundle.unit-test";
		};
/* End PBXNativeTarget section */

/* Begin PBXProject section */
		ACF881B92923A75A00C922A8 /* Project object */ = {
			isa = PBXProject;
			attributes = {
				BuildIndependentTargetsInParallel = 1;
				LastSwiftUpdateCheck = 1340;
				LastUpgradeCheck = 1340;
				TargetAttributes = {
					ACF881C02923A75A00C922A8 = {
						CreatedOnToolsVersion = 13.4.1;
					};
					ACF881D62923A75E00C922A8 = {
						CreatedOnToolsVersion = 13.4.1;
						TestTargetID = ACF881C02923A75A00C922A8;
					};
				};
			};
			buildConfigurationList = ACF881BC2923A75A00C922A8 /* Build configuration list for PBXProject "MiniSocial" */;
			compatibilityVersion = "Xcode 13.0";
			developmentRegion = en;
			hasScannedForEncodings = 0;
			knownRegions = (
				en,
				Base,
			);
			mainGroup = ACF881B82923A75A00C922A8;
			packageReferences = (
				ACF882032923AF0400C922A8 /* XCRemoteSwiftPackageReference "firebase-ios-sdk" */,
			);
			productRefGroup = ACF881C22923A75A00C922A8 /* Products */;
			projectDirPath = "";
			projectRoot = "";
			targets = (
				ACF881C02923A75A00C922A8 /* MiniSocial */,
				ACF881D62923A75E00C922A8 /* MiniSocialTests */,
			);
		};
/* End PBXProject section */

/* Begin PBXResourcesBuildPhase section */
		ACF881BF2923A75A00C922A8 /* Resources */ = {
			isa = PBXResourcesBuildPhase;
			buildActionMask = 2147483647;
			files = (
				ACF881FF2923AB5900C922A8 /* AuthenticationViewController.xib in Resources */,
				ACF882022923AE3800C922A8 /* GoogleService-Info.plist in Resources */,
				ACF88217292A698000C922A8 /* TimelineViewController.xib in Resources */,
				ACF881D12923A75E00C922A8 /* LaunchScreen.storyboard in Resources */,
				ACF881CE2923A75E00C922A8 /* Assets.xcassets in Resources */,
			);
			runOnlyForDeploymentPostprocessing = 0;
		};
		ACF881D52923A75E00C922A8 /* Resources */ = {
			isa = PBXResourcesBuildPhase;
			buildActionMask = 2147483647;
			files = (
			);
			runOnlyForDeploymentPostprocessing = 0;
		};
/* End PBXResourcesBuildPhase section */

/* Begin PBXSourcesBuildPhase section */
		ACF881BD2923A75A00C922A8 /* Sources */ = {
			isa = PBXSourcesBuildPhase;
			buildActionMask = 2147483647;
			files = (
				ACF881C52923A75A00C922A8 /* AppDelegate.swift in Sources */,
				ACF881FE2923AB5900C922A8 /* AuthenticationViewController.swift in Sources */,
				ACF8820C2923B13500C922A8 /* UIViewController+Ext.swift in Sources */,
				ACF881C72923A75A00C922A8 /* SceneDelegate.swift in Sources */,
				ACF8820A2923B0FC00C922A8 /* Utils.swift in Sources */,
				ACF88216292A698000C922A8 /* TimelineViewController.swift in Sources */,
				ACF8820E2923B22800C922A8 /* LoadingViewController.swift in Sources */,
				ACF882112923B62E00C922A8 /* AuthenticationService.swift in Sources */,
			);
			runOnlyForDeploymentPostprocessing = 0;
		};
		ACF881D32923A75E00C922A8 /* Sources */ = {
			isa = PBXSourcesBuildPhase;
			buildActionMask = 2147483647;
			files = (
				ACF881DC2923A75E00C922A8 /* MiniSocialTests.swift in Sources */,
			);
			runOnlyForDeploymentPostprocessing = 0;
		};
/* End PBXSourcesBuildPhase section */

/* Begin PBXTargetDependency section */
		ACF881D92923A75E00C922A8 /* PBXTargetDependency */ = {
			isa = PBXTargetDependency;
			target = ACF881C02923A75A00C922A8 /* MiniSocial */;
			targetProxy = ACF881D82923A75E00C922A8 /* PBXContainerItemProxy */;
		};
/* End PBXTargetDependency section */

/* Begin PBXVariantGroup section */
		ACF881CF2923A75E00C922A8 /* LaunchScreen.storyboard */ = {
			isa = PBXVariantGroup;
			children = (
				ACF881D02923A75E00C922A8 /* Base */,
			);
			name = LaunchScreen.storyboard;
			sourceTree = "<group>";
		};
/* End PBXVariantGroup section */

/* Begin XCBuildConfiguration section */
		ACF881E92923A75E00C922A8 /* Debug */ = {
			isa = XCBuildConfiguration;
			buildSettings = {
				ALWAYS_SEARCH_USER_PATHS = NO;
				CLANG_ANALYZER_NONNULL = YES;
				CLANG_ANALYZER_NUMBER_OBJECT_CONVERSION = YES_AGGRESSIVE;
				CLANG_CXX_LANGUAGE_STANDARD = "gnu++17";
				CLANG_ENABLE_MODULES = YES;
				CLANG_ENABLE_OBJC_ARC = YES;
				CLANG_ENABLE_OBJC_WEAK = YES;
				CLANG_WARN_BLOCK_CAPTURE_AUTORELEASING = YES;
				CLANG_WARN_BOOL_CONVERSION = YES;
				CLANG_WARN_COMMA = YES;
				CLANG_WARN_CONSTANT_CONVERSION = YES;
				CLANG_WARN_DEPRECATED_OBJC_IMPLEMENTATIONS = YES;
				CLANG_WARN_DIRECT_OBJC_ISA_USAGE = YES_ERROR;
				CLANG_WARN_DOCUMENTATION_COMMENTS = YES;
				CLANG_WARN_EMPTY_BODY = YES;
				CLANG_WARN_ENUM_CONVERSION = YES;
				CLANG_WARN_INFINITE_RECURSION = YES;
				CLANG_WARN_INT_CONVERSION = YES;
				CLANG_WARN_NON_LITERAL_NULL_CONVERSION = YES;
				CLANG_WARN_OBJC_IMPLICIT_RETAIN_SELF = YES;
				CLANG_WARN_OBJC_LITERAL_CONVERSION = YES;
				CLANG_WARN_OBJC_ROOT_CLASS = YES_ERROR;
				CLANG_WARN_QUOTED_INCLUDE_IN_FRAMEWORK_HEADER = YES;
				CLANG_WARN_RANGE_LOOP_ANALYSIS = YES;
				CLANG_WARN_STRICT_PROTOTYPES = YES;
				CLANG_WARN_SUSPICIOUS_MOVE = YES;
				CLANG_WARN_UNGUARDED_AVAILABILITY = YES_AGGRESSIVE;
				CLANG_WARN_UNREACHABLE_CODE = YES;
				CLANG_WARN__DUPLICATE_METHOD_MATCH = YES;
				COPY_PHASE_STRIP = NO;
				DEBUG_INFORMATION_FORMAT = dwarf;
				ENABLE_STRICT_OBJC_MSGSEND = YES;
				ENABLE_TESTABILITY = YES;
				GCC_C_LANGUAGE_STANDARD = gnu11;
				GCC_DYNAMIC_NO_PIC = NO;
				GCC_NO_COMMON_BLOCKS = YES;
				GCC_OPTIMIZATION_LEVEL = 0;
				GCC_PREPROCESSOR_DEFINITIONS = (
					"DEBUG=1",
					"$(inherited)",
				);
				GCC_WARN_64_TO_32_BIT_CONVERSION = YES;
				GCC_WARN_ABOUT_RETURN_TYPE = YES_ERROR;
				GCC_WARN_UNDECLARED_SELECTOR = YES;
				GCC_WARN_UNINITIALIZED_AUTOS = YES_AGGRESSIVE;
				GCC_WARN_UNUSED_FUNCTION = YES;
				GCC_WARN_UNUSED_VARIABLE = YES;
				IPHONEOS_DEPLOYMENT_TARGET = 15.5;
				MTL_ENABLE_DEBUG_INFO = INCLUDE_SOURCE;
				MTL_FAST_MATH = YES;
				ONLY_ACTIVE_ARCH = YES;
				SDKROOT = iphoneos;
				SWIFT_ACTIVE_COMPILATION_CONDITIONS = DEBUG;
				SWIFT_OPTIMIZATION_LEVEL = "-Onone";
			};
			name = Debug;
		};
		ACF881EA2923A75E00C922A8 /* Release */ = {
			isa = XCBuildConfiguration;
			buildSettings = {
				ALWAYS_SEARCH_USER_PATHS = NO;
				CLANG_ANALYZER_NONNULL = YES;
				CLANG_ANALYZER_NUMBER_OBJECT_CONVERSION = YES_AGGRESSIVE;
				CLANG_CXX_LANGUAGE_STANDARD = "gnu++17";
				CLANG_ENABLE_MODULES = YES;
				CLANG_ENABLE_OBJC_ARC = YES;
				CLANG_ENABLE_OBJC_WEAK = YES;
				CLANG_WARN_BLOCK_CAPTURE_AUTORELEASING = YES;
				CLANG_WARN_BOOL_CONVERSION = YES;
				CLANG_WARN_COMMA = YES;
				CLANG_WARN_CONSTANT_CONVERSION = YES;
				CLANG_WARN_DEPRECATED_OBJC_IMPLEMENTATIONS = YES;
				CLANG_WARN_DIRECT_OBJC_ISA_USAGE = YES_ERROR;
				CLANG_WARN_DOCUMENTATION_COMMENTS = YES;
				CLANG_WARN_EMPTY_BODY = YES;
				CLANG_WARN_ENUM_CONVERSION = YES;
				CLANG_WARN_INFINITE_RECURSION = YES;
				CLANG_WARN_INT_CONVERSION = YES;
				CLANG_WARN_NON_LITERAL_NULL_CONVERSION = YES;
				CLANG_WARN_OBJC_IMPLICIT_RETAIN_SELF = YES;
				CLANG_WARN_OBJC_LITERAL_CONVERSION = YES;
				CLANG_WARN_OBJC_ROOT_CLASS = YES_ERROR;
				CLANG_WARN_QUOTED_INCLUDE_IN_FRAMEWORK_HEADER = YES;
				CLANG_WARN_RANGE_LOOP_ANALYSIS = YES;
				CLANG_WARN_STRICT_PROTOTYPES = YES;
				CLANG_WARN_SUSPICIOUS_MOVE = YES;
				CLANG_WARN_UNGUARDED_AVAILABILITY = YES_AGGRESSIVE;
				CLANG_WARN_UNREACHABLE_CODE = YES;
				CLANG_WARN__DUPLICATE_METHOD_MATCH = YES;
				COPY_PHASE_STRIP = NO;
				DEBUG_INFORMATION_FORMAT = "dwarf-with-dsym";
				ENABLE_NS_ASSERTIONS = NO;
				ENABLE_STRICT_OBJC_MSGSEND = YES;
				GCC_C_LANGUAGE_STANDARD = gnu11;
				GCC_NO_COMMON_BLOCKS = YES;
				GCC_WARN_64_TO_32_BIT_CONVERSION = YES;
				GCC_WARN_ABOUT_RETURN_TYPE = YES_ERROR;
				GCC_WARN_UNDECLARED_SELECTOR = YES;
				GCC_WARN_UNINITIALIZED_AUTOS = YES_AGGRESSIVE;
				GCC_WARN_UNUSED_FUNCTION = YES;
				GCC_WARN_UNUSED_VARIABLE = YES;
				IPHONEOS_DEPLOYMENT_TARGET = 15.5;
				MTL_ENABLE_DEBUG_INFO = NO;
				MTL_FAST_MATH = YES;
				SDKROOT = iphoneos;
				SWIFT_COMPILATION_MODE = wholemodule;
				SWIFT_OPTIMIZATION_LEVEL = "-O";
				VALIDATE_PRODUCT = YES;
			};
			name = Release;
		};
		ACF881EC2923A75E00C922A8 /* Debug */ = {
			isa = XCBuildConfiguration;
			buildSettings = {
				ASSETCATALOG_COMPILER_APPICON_NAME = AppIcon;
				ASSETCATALOG_COMPILER_GLOBAL_ACCENT_COLOR_NAME = AccentColor;
				CODE_SIGN_STYLE = Automatic;
				CURRENT_PROJECT_VERSION = 1;
				GENERATE_INFOPLIST_FILE = YES;
				INFOPLIST_FILE = MiniSocial/Info.plist;
				INFOPLIST_KEY_UIApplicationSupportsIndirectInputEvents = YES;
				INFOPLIST_KEY_UILaunchStoryboardName = LaunchScreen;
				INFOPLIST_KEY_UISupportedInterfaceOrientations_iPad = "UIInterfaceOrientationPortrait UIInterfaceOrientationPortraitUpsideDown UIInterfaceOrientationLandscapeLeft UIInterfaceOrientationLandscapeRight";
				INFOPLIST_KEY_UISupportedInterfaceOrientations_iPhone = "UIInterfaceOrientationPortrait UIInterfaceOrientationLandscapeLeft UIInterfaceOrientationLandscapeRight";
				IPHONEOS_DEPLOYMENT_TARGET = 15.0;
				LD_RUNPATH_SEARCH_PATHS = (
					"$(inherited)",
					"@executable_path/Frameworks",
				);
				MARKETING_VERSION = 1.0;
				PRODUCT_BUNDLE_IDENTIFIER = com.eric.test.MiniSocial;
				PRODUCT_NAME = "$(TARGET_NAME)";
				SWIFT_EMIT_LOC_STRINGS = YES;
				SWIFT_VERSION = 5.0;
				TARGETED_DEVICE_FAMILY = "1,2";
			};
			name = Debug;
		};
		ACF881ED2923A75E00C922A8 /* Release */ = {
			isa = XCBuildConfiguration;
			buildSettings = {
				ASSETCATALOG_COMPILER_APPICON_NAME = AppIcon;
				ASSETCATALOG_COMPILER_GLOBAL_ACCENT_COLOR_NAME = AccentColor;
				CODE_SIGN_STYLE = Automatic;
				CURRENT_PROJECT_VERSION = 1;
				GENERATE_INFOPLIST_FILE = YES;
				INFOPLIST_FILE = MiniSocial/Info.plist;
				INFOPLIST_KEY_UIApplicationSupportsIndirectInputEvents = YES;
				INFOPLIST_KEY_UILaunchStoryboardName = LaunchScreen;
				INFOPLIST_KEY_UISupportedInterfaceOrientations_iPad = "UIInterfaceOrientationPortrait UIInterfaceOrientationPortraitUpsideDown UIInterfaceOrientationLandscapeLeft UIInterfaceOrientationLandscapeRight";
				INFOPLIST_KEY_UISupportedInterfaceOrientations_iPhone = "UIInterfaceOrientationPortrait UIInterfaceOrientationLandscapeLeft UIInterfaceOrientationLandscapeRight";
				IPHONEOS_DEPLOYMENT_TARGET = 15.0;
				LD_RUNPATH_SEARCH_PATHS = (
					"$(inherited)",
					"@executable_path/Frameworks",
				);
				MARKETING_VERSION = 1.0;
				PRODUCT_BUNDLE_IDENTIFIER = com.eric.test.MiniSocial;
				PRODUCT_NAME = "$(TARGET_NAME)";
				SWIFT_EMIT_LOC_STRINGS = YES;
				SWIFT_VERSION = 5.0;
				TARGETED_DEVICE_FAMILY = "1,2";
			};
			name = Release;
		};
		ACF881EF2923A75E00C922A8 /* Debug */ = {
			isa = XCBuildConfiguration;
			buildSettings = {
				ALWAYS_EMBED_SWIFT_STANDARD_LIBRARIES = YES;
				BUNDLE_LOADER = "$(TEST_HOST)";
				CODE_SIGN_STYLE = Automatic;
				CURRENT_PROJECT_VERSION = 1;
				GENERATE_INFOPLIST_FILE = YES;
				IPHONEOS_DEPLOYMENT_TARGET = 15.5;
				MARKETING_VERSION = 1.0;
				PRODUCT_BUNDLE_IDENTIFIER = com.eric.test.MiniSocialTests;
				PRODUCT_NAME = "$(TARGET_NAME)";
				SWIFT_EMIT_LOC_STRINGS = NO;
				SWIFT_VERSION = 5.0;
				TARGETED_DEVICE_FAMILY = "1,2";
				TEST_HOST = "$(BUILT_PRODUCTS_DIR)/MiniSocial.app/MiniSocial";
			};
			name = Debug;
		};
		ACF881F02923A75E00C922A8 /* Release */ = {
			isa = XCBuildConfiguration;
			buildSettings = {
				ALWAYS_EMBED_SWIFT_STANDARD_LIBRARIES = YES;
				BUNDLE_LOADER = "$(TEST_HOST)";
				CODE_SIGN_STYLE = Automatic;
				CURRENT_PROJECT_VERSION = 1;
				GENERATE_INFOPLIST_FILE = YES;
				IPHONEOS_DEPLOYMENT_TARGET = 15.5;
				MARKETING_VERSION = 1.0;
				PRODUCT_BUNDLE_IDENTIFIER = com.eric.test.MiniSocialTests;
				PRODUCT_NAME = "$(TARGET_NAME)";
				SWIFT_EMIT_LOC_STRINGS = NO;
				SWIFT_VERSION = 5.0;
				TARGETED_DEVICE_FAMILY = "1,2";
				TEST_HOST = "$(BUILT_PRODUCTS_DIR)/MiniSocial.app/MiniSocial";
			};
			name = Release;
		};
/* End XCBuildConfiguration section */

/* Begin XCConfigurationList section */
		ACF881BC2923A75A00C922A8 /* Build configuration list for PBXProject "MiniSocial" */ = {
			isa = XCConfigurationList;
			buildConfigurations = (
				ACF881E92923A75E00C922A8 /* Debug */,
				ACF881EA2923A75E00C922A8 /* Release */,
			);
			defaultConfigurationIsVisible = 0;
			defaultConfigurationName = Release;
		};
		ACF881EB2923A75E00C922A8 /* Build configuration list for PBXNativeTarget "MiniSocial" */ = {
			isa = XCConfigurationList;
			buildConfigurations = (
				ACF881EC2923A75E00C922A8 /* Debug */,
				ACF881ED2923A75E00C922A8 /* Release */,
			);
			defaultConfigurationIsVisible = 0;
			defaultConfigurationName = Release;
		};
		ACF881EE2923A75E00C922A8 /* Build configuration list for PBXNativeTarget "MiniSocialTests" */ = {
			isa = XCConfigurationList;
			buildConfigurations = (
				ACF881EF2923A75E00C922A8 /* Debug */,
				ACF881F02923A75E00C922A8 /* Release */,
			);
			defaultConfigurationIsVisible = 0;
			defaultConfigurationName = Release;
		};
/* End XCConfigurationList section */

/* Begin XCRemoteSwiftPackageReference section */
		ACF882032923AF0400C922A8 /* XCRemoteSwiftPackageReference "firebase-ios-sdk" */ = {
			isa = XCRemoteSwiftPackageReference;
			repositoryURL = "https://github.com/firebase/firebase-ios-sdk";
			requirement = {
				kind = upToNextMajorVersion;
				minimumVersion = 9.0.0;
			};
		};
/* End XCRemoteSwiftPackageReference section */

/* Begin XCSwiftPackageProductDependency section */
		ACF882042923AF0400C922A8 /* FirebaseAnalytics */ = {
			isa = XCSwiftPackageProductDependency;
			package = ACF882032923AF0400C922A8 /* XCRemoteSwiftPackageReference "firebase-ios-sdk" */;
			productName = FirebaseAnalytics;
		};
		ACF882062923AF0400C922A8 /* FirebaseAuth */ = {
			isa = XCSwiftPackageProductDependency;
			package = ACF882032923AF0400C922A8 /* XCRemoteSwiftPackageReference "firebase-ios-sdk" */;
			productName = FirebaseAuth;
		};
/* End XCSwiftPackageProductDependency section */
	};
	rootObject = ACF881B92923A75A00C922A8 /* Project object */;
}
